{
  "name": "psra",
  "requires": true,
  "lockfileVersion": 1,
  "dependencies": {
    "@babel/runtime": {
      "version": "7.14.0",
      "resolved": "https://registry.npmjs.org/@babel/runtime/-/runtime-7.14.0.tgz",
      "integrity": "sha512-JELkvo/DlpNdJ7dlyw/eY7E0suy5i5GQH+Vlxaq1nsNJ+H7f4Vtv3jMeCEgRhZZQFXTjldYfQgv2qmM6M1v5wA==",
      "requires": {
        "regenerator-runtime": "^0.13.4"
      }
    },
    "@emotion/cache": {
      "version": "11.4.0",
      "resolved": "https://registry.npmjs.org/@emotion/cache/-/cache-11.4.0.tgz",
      "integrity": "sha512-Zx70bjE7LErRO9OaZrhf22Qye1y4F7iDl+ITjet0J+i+B88PrAOBkKvaAWhxsZf72tDLajwCgfCjJ2dvH77C3g==",
      "requires": {
        "@emotion/memoize": "^0.7.4",
        "@emotion/sheet": "^1.0.0",
        "@emotion/utils": "^1.0.0",
        "@emotion/weak-memoize": "^0.2.5",
        "stylis": "^4.0.3"
      }
    },
    "@emotion/hash": {
      "version": "0.8.0",
      "resolved": "https://registry.npmjs.org/@emotion/hash/-/hash-0.8.0.tgz",
      "integrity": "sha512-kBJtf7PH6aWwZ6fka3zQ0p6SBYzx4fl1LoZXE2RrnYST9Xljm7WfKJrU4g/Xr3Beg72MLrp1AWNUmuYJTL7Cow=="
    },
    "@emotion/memoize": {
      "version": "0.7.5",
      "resolved": "https://registry.npmjs.org/@emotion/memoize/-/memoize-0.7.5.tgz",
      "integrity": "sha512-igX9a37DR2ZPGYtV6suZ6whr8pTFtyHL3K/oLUotxpSVO2ASaprmAe2Dkq7tBo7CRY7MMDrAa9nuQP9/YG8FxQ=="
    },
    "@emotion/react": {
      "version": "11.4.0",
      "resolved": "https://registry.npmjs.org/@emotion/react/-/react-11.4.0.tgz",
      "integrity": "sha512-4XklWsl9BdtatLoJpSjusXhpKv9YVteYKh9hPKP1Sxl+mswEFoUe0WtmtWjxEjkA51DQ2QRMCNOvKcSlCQ7ivg==",
      "requires": {
        "@babel/runtime": "^7.13.10",
        "@emotion/cache": "^11.4.0",
        "@emotion/serialize": "^1.0.2",
        "@emotion/sheet": "^1.0.1",
        "@emotion/utils": "^1.0.0",
        "@emotion/weak-memoize": "^0.2.5",
        "hoist-non-react-statics": "^3.3.1"
      }
    },
    "@emotion/serialize": {
      "version": "1.0.2",
      "resolved": "https://registry.npmjs.org/@emotion/serialize/-/serialize-1.0.2.tgz",
      "integrity": "sha512-95MgNJ9+/ajxU7QIAruiOAdYNjxZX7G2mhgrtDWswA21VviYIRP1R5QilZ/bDY42xiKsaktP4egJb3QdYQZi1A==",
      "requires": {
        "@emotion/hash": "^0.8.0",
        "@emotion/memoize": "^0.7.4",
        "@emotion/unitless": "^0.7.5",
        "@emotion/utils": "^1.0.0",
        "csstype": "^3.0.2"
      }
    },
    "@emotion/sheet": {
      "version": "1.0.1",
      "resolved": "https://registry.npmjs.org/@emotion/sheet/-/sheet-1.0.1.tgz",
      "integrity": "sha512-GbIvVMe4U+Zc+929N1V7nW6YYJtidj31lidSmdYcWozwoBIObXBnaJkKNDjZrLm9Nc0BR+ZyHNaRZxqNZbof5g=="
    },
    "@emotion/unitless": {
      "version": "0.7.5",
      "resolved": "https://registry.npmjs.org/@emotion/unitless/-/unitless-0.7.5.tgz",
      "integrity": "sha512-OWORNpfjMsSSUBVrRBVGECkhWcULOAJz9ZW8uK9qgxD+87M7jHRcvh/A96XXNhXTLmKcoYSQtBEX7lHMO7YRwg=="
    },
    "@emotion/utils": {
      "version": "1.0.0",
      "resolved": "https://registry.npmjs.org/@emotion/utils/-/utils-1.0.0.tgz",
      "integrity": "sha512-mQC2b3XLDs6QCW+pDQDiyO/EdGZYOygE8s5N5rrzjSI4M3IejPE/JPndCBwRT9z982aqQNi6beWs1UeayrQxxA=="
    },
    "@emotion/weak-memoize": {
      "version": "0.2.5",
      "resolved": "https://registry.npmjs.org/@emotion/weak-memoize/-/weak-memoize-0.2.5.tgz",
      "integrity": "sha512-6U71C2Wp7r5XtFtQzYrW5iKFT67OixrSxjI4MptCHzdSVlgabczzqLe0ZSgnub/5Kp4hSbpDB1tMytZY9pwxxA=="
    },
    "@popperjs/core": {
      "version": "2.9.2",
      "resolved": "https://registry.npmjs.org/@popperjs/core/-/core-2.9.2.tgz",
      "integrity": "sha512-VZMYa7+fXHdwIq1TDhSXoVmSPEGM/aa+6Aiq3nVVJ9bXr24zScr+NlKFKC3iPljA7ho/GAZr+d2jOf5GIRC30Q=="
    },
    "@restart/context": {
      "version": "2.1.4",
      "resolved": "https://registry.npmjs.org/@restart/context/-/context-2.1.4.tgz",
      "integrity": "sha512-INJYZQJP7g+IoDUh/475NlGiTeMfwTXUEr3tmRneckHIxNolGOW9CTq83S8cxq0CgJwwcMzMJFchxvlwe7Rk8Q=="
    },
    "@restart/hooks": {
      "version": "0.3.26",
      "resolved": "https://registry.npmjs.org/@restart/hooks/-/hooks-0.3.26.tgz",
      "integrity": "sha512-7Hwk2ZMYm+JLWcb7R9qIXk1OoUg1Z+saKWqZXlrvFwT3w6UArVNWgxYOzf+PJoK9zZejp8okPAKTctthhXLt5g==",
      "requires": {
        "lodash": "^4.17.20",
        "lodash-es": "^4.17.20"
      }
    },
    "@types/classnames": {
      "version": "2.3.1",
      "resolved": "https://registry.npmjs.org/@types/classnames/-/classnames-2.3.1.tgz",
      "integrity": "sha512-zeOWb0JGBoVmlQoznvqXbE0tEC/HONsnoUNH19Hc96NFsTAwTXbTqb8FMYkru1F/iqp7a18Ws3nWJvtA1sHD1A==",
      "requires": {
        "classnames": "*"
      }
    },
    "@types/invariant": {
      "version": "2.2.34",
      "resolved": "https://registry.npmjs.org/@types/invariant/-/invariant-2.2.34.tgz",
      "integrity": "sha512-lYUtmJ9BqUN688fGY1U1HZoWT1/Jrmgigx2loq4ZcJpICECm/Om3V314BxdzypO0u5PORKGMM6x0OXaljV1YFg=="
    },
    "@types/prop-types": {
      "version": "15.7.3",
      "resolved": "https://registry.npmjs.org/@types/prop-types/-/prop-types-15.7.3.tgz",
      "integrity": "sha512-KfRL3PuHmqQLOG+2tGpRO26Ctg+Cq1E01D2DMriKEATHgWLfeNDmq9e29Q9WIky0dQ3NPkd1mzYH8Lm936Z9qw=="
    },
    "@types/react": {
      "version": "17.0.5",
      "resolved": "https://registry.npmjs.org/@types/react/-/react-17.0.5.tgz",
      "integrity": "sha512-bj4biDB9ZJmGAYTWSKJly6bMr4BLUiBrx9ujiJEoP9XIDY9CTaPGxE5QWN/1WjpPLzYF7/jRNnV2nNxNe970sw==",
      "requires": {
        "@types/prop-types": "*",
        "@types/scheduler": "*",
        "csstype": "^3.0.2"
      }
    },
    "@types/react-transition-group": {
      "version": "4.4.1",
      "resolved": "https://registry.npmjs.org/@types/react-transition-group/-/react-transition-group-4.4.1.tgz",
      "integrity": "sha512-vIo69qKKcYoJ8wKCJjwSgCTM+z3chw3g18dkrDfVX665tMH7tmbDxEAnPdey4gTlwZz5QuHGzd+hul0OVZDqqQ==",
      "requires": {
        "@types/react": "*"
      }
    },
    "@types/scheduler": {
      "version": "0.16.1",
      "resolved": "https://registry.npmjs.org/@types/scheduler/-/scheduler-0.16.1.tgz",
      "integrity": "sha512-EaCxbanVeyxDRTQBkdLb3Bvl/HK7PBK6UJjsSixB0iHKoWxE5uu2Q/DgtpOhPIojN0Zl1whvOd7PoHs2P0s5eA=="
    },
    "@types/warning": {
      "version": "3.0.0",
      "resolved": "https://registry.npmjs.org/@types/warning/-/warning-3.0.0.tgz",
      "integrity": "sha1-DSUBJorY+ZYrdA04fEZU9fjiPlI="
    },
    "bootstrap": {
      "version": "5.0.0",
      "resolved": "https://registry.npmjs.org/bootstrap/-/bootstrap-5.0.0.tgz",
      "integrity": "sha512-tmhPET9B9qCl8dCofvHeiIhi49iBt0EehmIsziZib65k1erBW1rHhj2s/2JsuQh5Pq+xz2E9bEbzp9B7xHG+VA=="
    },
    "classnames": {
      "version": "2.3.1",
      "resolved": "https://registry.npmjs.org/classnames/-/classnames-2.3.1.tgz",
      "integrity": "sha512-OlQdbZ7gLfGarSqxesMesDa5uz7KFbID8Kpq/SxIoNGDqY8lSYs0D+hhtBXhcdB3rcbXArFr7vlHheLk1voeNA=="
    },
    "csstype": {
      "version": "3.0.8",
      "resolved": "https://registry.npmjs.org/csstype/-/csstype-3.0.8.tgz",
      "integrity": "sha512-jXKhWqXPmlUeoQnF/EhTtTl4C9SnrxSH/jZUih3jmO6lBKr99rP3/+FmrMj4EFpOXzMtXHAZkd3x0E6h6Fgflw=="
    },
    "dom-helpers": {
      "version": "5.2.1",
      "resolved": "https://registry.npmjs.org/dom-helpers/-/dom-helpers-5.2.1.tgz",
      "integrity": "sha512-nRCa7CK3VTrM2NmGkIy4cbK7IZlgBE/PYMn55rrXefr5xXDP0LdtfPnblFDoVdcAfslJ7or6iqAUnx0CCGIWQA==",
      "requires": {
        "@babel/runtime": "^7.8.7",
        "csstype": "^3.0.2"
      }
    },
    "hoist-non-react-statics": {
      "version": "3.3.2",
      "resolved": "https://registry.npmjs.org/hoist-non-react-statics/-/hoist-non-react-statics-3.3.2.tgz",
      "integrity": "sha512-/gGivxi8JPKWNm/W0jSmzcMPpfpPLc3dY/6GxhX2hQ9iGj3aDfklV4ET7NjKpSinLpJ5vafa9iiGIEZg10SfBw==",
      "requires": {
        "react-is": "^16.7.0"
      }
    },
    "invariant": {
      "version": "2.2.4",
      "resolved": "https://registry.npmjs.org/invariant/-/invariant-2.2.4.tgz",
      "integrity": "sha512-phJfQVBuaJM5raOpJjSfkiD6BpbCE4Ns//LaXl6wGYtUBY83nWS6Rf9tXm2e8VaK60JEjYldbPif/A2B1C2gNA==",
      "requires": {
        "loose-envify": "^1.0.0"
      }
    },
    "js-tokens": {
      "version": "4.0.0",
      "resolved": "https://registry.npmjs.org/js-tokens/-/js-tokens-4.0.0.tgz",
      "integrity": "sha512-RdJUflcE3cUzKiMqQgsCu06FPu9UdIJO0beYbPhHN4k6apgJtifcoCtT9bcxOpYBtpD2kCM6Sbzg4CausW/PKQ=="
    },
    "lodash": {
      "version": "4.17.21",
      "resolved": "https://registry.npmjs.org/lodash/-/lodash-4.17.21.tgz",
      "integrity": "sha512-v2kDEe57lecTulaDIuNTPy3Ry4gLGJ6Z1O3vE1krgXZNrsQ+LFTGHVxVjcXPs17LhbZVGedAJv8XZ1tvj5FvSg=="
    },
    "lodash-es": {
      "version": "4.17.21",
      "resolved": "https://registry.npmjs.org/lodash-es/-/lodash-es-4.17.21.tgz",
      "integrity": "sha512-mKnC+QJ9pWVzv+C4/U3rRsHapFfHvQFoFB92e52xeyGMcX6/OlIl78je1u8vePzYZSkkogMPJ2yjxxsb89cxyw=="
    },
    "loose-envify": {
      "version": "1.4.0",
      "resolved": "https://registry.npmjs.org/loose-envify/-/loose-envify-1.4.0.tgz",
      "integrity": "sha512-lyuxPGr/Wfhrlem2CL/UcnUc1zcqKAImBDzukY7Y5F/yQiNdko6+fRLevlw1HgMySw7f611UIY408EtxRSoK3Q==",
      "requires": {
        "js-tokens": "^3.0.0 || ^4.0.0"
      }
    },
    "memoize-one": {
      "version": "5.2.1",
      "resolved": "https://registry.npmjs.org/memoize-one/-/memoize-one-5.2.1.tgz",
      "integrity": "sha512-zYiwtZUcYyXKo/np96AGZAckk+FWWsUdJ3cHGGmld7+AhvcWmQyGCYUh1hc4Q/pkOhb65dQR/pqCyK0cOaHz4Q=="
    },
    "meteor-node-stubs": {
      "version": "1.0.3",
      "resolved": "https://registry.npmjs.org/meteor-node-stubs/-/meteor-node-stubs-1.0.3.tgz",
      "integrity": "sha512-JQwIWPfM/Oa2x1Ycwn1Q0wVVQ8b0bOLv+qs4RR/D12b5dPktLlPCRhMzWzRPncZVJtfsnKKBgPLdFmJYUqAwHg==",
      "requires": {
        "assert": "^1.4.1",
        "browserify-zlib": "^0.2.0",
        "buffer": "^5.2.1",
        "console-browserify": "^1.1.0",
        "constants-browserify": "^1.0.0",
        "crypto-browserify": "^3.12.0",
        "domain-browser": "^1.2.0",
        "elliptic": "^6.5.4",
        "events": "^3.0.0",
        "https-browserify": "^1.0.0",
        "os-browserify": "^0.3.0",
        "path-browserify": "^1.0.0",
        "process": "^0.11.10",
        "punycode": "^2.1.1",
        "querystring-es3": "^0.2.1",
        "readable-stream": "^3.3.0",
        "stream-browserify": "^2.0.2",
        "stream-http": "^3.0.0",
        "string_decoder": "^1.2.0",
        "timers-browserify": "^2.0.10",
        "tty-browserify": "0.0.1",
        "url": "^0.11.0",
        "util": "^0.11.1",
        "vm-browserify": "^1.1.0"
      },
      "dependencies": {
        "asn1.js": {
          "version": "5.4.1",
          "bundled": true,
          "requires": {
            "bn.js": "^4.0.0",
            "inherits": "^2.0.1",
            "minimalistic-assert": "^1.0.0",
            "safer-buffer": "^2.1.0"
          },
          "dependencies": {
            "bn.js": {
              "version": "4.12.0",
              "bundled": true
            }
          }
        },
        "assert": {
          "version": "1.5.0",
          "bundled": true,
          "requires": {
            "object-assign": "^4.1.1",
            "util": "0.10.3"
          },
          "dependencies": {
            "util": {
              "version": "0.10.3",
              "bundled": true,
              "requires": {
                "inherits": "2.0.1"
              }
            }
          }
        },
        "base64-js": {
          "version": "1.5.1",
          "bundled": true
        },
        "bn.js": {
          "version": "5.2.0",
          "bundled": true
        },
        "brorand": {
          "version": "1.1.0",
          "bundled": true
        },
        "browserify-aes": {
          "version": "1.2.0",
          "bundled": true,
          "requires": {
            "buffer-xor": "^1.0.3",
            "cipher-base": "^1.0.0",
            "create-hash": "^1.1.0",
            "evp_bytestokey": "^1.0.3",
            "inherits": "^2.0.1",
            "safe-buffer": "^5.0.1"
          }
        },
        "browserify-cipher": {
          "version": "1.0.1",
          "bundled": true,
          "requires": {
            "browserify-aes": "^1.0.4",
            "browserify-des": "^1.0.0",
            "evp_bytestokey": "^1.0.0"
          }
        },
        "browserify-des": {
          "version": "1.0.2",
          "bundled": true,
          "requires": {
            "cipher-base": "^1.0.1",
            "des.js": "^1.0.0",
            "inherits": "^2.0.1",
            "safe-buffer": "^5.1.2"
          }
        },
        "browserify-rsa": {
          "version": "4.1.0",
          "bundled": true,
          "requires": {
            "bn.js": "^5.0.0",
            "randombytes": "^2.0.1"
          }
        },
        "browserify-sign": {
          "version": "4.2.1",
          "bundled": true,
          "requires": {
            "bn.js": "^5.1.1",
            "browserify-rsa": "^4.0.1",
            "create-hash": "^1.2.0",
            "create-hmac": "^1.1.7",
            "elliptic": "^6.5.3",
            "inherits": "^2.0.4",
            "parse-asn1": "^5.1.5",
            "readable-stream": "^3.6.0",
            "safe-buffer": "^5.2.0"
          },
          "dependencies": {
            "inherits": {
              "version": "2.0.4",
              "bundled": true
            }
          }
        },
        "browserify-zlib": {
          "version": "0.2.0",
          "bundled": true,
          "requires": {
            "pako": "~1.0.5"
          }
        },
        "buffer": {
          "version": "5.7.1",
          "bundled": true,
          "requires": {
            "base64-js": "^1.3.1",
            "ieee754": "^1.1.13"
          }
        },
        "buffer-xor": {
          "version": "1.0.3",
          "bundled": true
        },
        "builtin-status-codes": {
          "version": "3.0.0",
          "bundled": true
        },
        "cipher-base": {
          "version": "1.0.4",
          "bundled": true,
          "requires": {
            "inherits": "^2.0.1",
            "safe-buffer": "^5.0.1"
          }
        },
        "console-browserify": {
          "version": "1.2.0",
          "bundled": true
        },
        "constants-browserify": {
          "version": "1.0.0",
          "bundled": true
        },
        "core-util-is": {
          "version": "1.0.2",
          "bundled": true
        },
        "create-ecdh": {
          "version": "4.0.4",
          "bundled": true,
          "requires": {
            "bn.js": "^4.1.0",
            "elliptic": "^6.5.3"
          },
          "dependencies": {
            "bn.js": {
              "version": "4.12.0",
              "bundled": true
            }
          }
        },
        "create-hash": {
          "version": "1.2.0",
          "bundled": true,
          "requires": {
            "cipher-base": "^1.0.1",
            "inherits": "^2.0.1",
            "md5.js": "^1.3.4",
            "ripemd160": "^2.0.1",
            "sha.js": "^2.4.0"
          }
        },
        "create-hmac": {
          "version": "1.1.7",
          "bundled": true,
          "requires": {
            "cipher-base": "^1.0.3",
            "create-hash": "^1.1.0",
            "inherits": "^2.0.1",
            "ripemd160": "^2.0.0",
            "safe-buffer": "^5.0.1",
            "sha.js": "^2.4.8"
          }
        },
        "crypto-browserify": {
          "version": "3.12.0",
          "bundled": true,
          "requires": {
            "browserify-cipher": "^1.0.0",
            "browserify-sign": "^4.0.0",
            "create-ecdh": "^4.0.0",
            "create-hash": "^1.1.0",
            "create-hmac": "^1.1.0",
            "diffie-hellman": "^5.0.0",
            "inherits": "^2.0.1",
            "pbkdf2": "^3.0.3",
            "public-encrypt": "^4.0.0",
            "randombytes": "^2.0.0",
            "randomfill": "^1.0.3"
          }
        },
        "des.js": {
          "version": "1.0.1",
          "bundled": true,
          "requires": {
            "inherits": "^2.0.1",
            "minimalistic-assert": "^1.0.0"
          }
        },
        "diffie-hellman": {
          "version": "5.0.3",
          "bundled": true,
          "requires": {
            "bn.js": "^4.1.0",
            "miller-rabin": "^4.0.0",
            "randombytes": "^2.0.0"
          },
          "dependencies": {
            "bn.js": {
              "version": "4.12.0",
              "bundled": true
            }
          }
        },
        "domain-browser": {
          "version": "1.2.0",
          "bundled": true
        },
        "elliptic": {
          "version": "6.5.4",
          "bundled": true,
          "requires": {
            "bn.js": "^4.11.9",
            "brorand": "^1.1.0",
            "hash.js": "^1.0.0",
            "hmac-drbg": "^1.0.1",
            "inherits": "^2.0.4",
            "minimalistic-assert": "^1.0.1",
            "minimalistic-crypto-utils": "^1.0.1"
          },
          "dependencies": {
            "bn.js": {
              "version": "4.12.0",
              "bundled": true
            },
            "inherits": {
              "version": "2.0.4",
              "bundled": true
            }
          }
        },
        "events": {
          "version": "3.3.0",
          "bundled": true
        },
        "evp_bytestokey": {
          "version": "1.0.3",
          "bundled": true,
          "requires": {
            "md5.js": "^1.3.4",
            "safe-buffer": "^5.1.1"
          }
        },
        "hash-base": {
          "version": "3.1.0",
          "bundled": true,
          "requires": {
            "inherits": "^2.0.4",
            "readable-stream": "^3.6.0",
            "safe-buffer": "^5.2.0"
          },
          "dependencies": {
            "inherits": {
              "version": "2.0.4",
              "bundled": true
            }
          }
        },
        "hash.js": {
          "version": "1.1.7",
          "bundled": true,
          "requires": {
            "inherits": "^2.0.3",
            "minimalistic-assert": "^1.0.1"
          },
          "dependencies": {
            "inherits": {
              "version": "2.0.4",
              "bundled": true
            }
          }
        },
        "hmac-drbg": {
          "version": "1.0.1",
          "bundled": true,
          "requires": {
            "hash.js": "^1.0.3",
            "minimalistic-assert": "^1.0.0",
            "minimalistic-crypto-utils": "^1.0.1"
          }
        },
        "https-browserify": {
          "version": "1.0.0",
          "bundled": true
        },
        "ieee754": {
          "version": "1.2.1",
          "bundled": true
        },
        "inherits": {
          "version": "2.0.1",
          "bundled": true
        },
        "isarray": {
          "version": "1.0.0",
          "bundled": true
        },
        "md5.js": {
          "version": "1.3.5",
          "bundled": true,
          "requires": {
            "hash-base": "^3.0.0",
            "inherits": "^2.0.1",
            "safe-buffer": "^5.1.2"
          }
        },
        "miller-rabin": {
          "version": "4.0.1",
          "bundled": true,
          "requires": {
            "bn.js": "^4.0.0",
            "brorand": "^1.0.1"
          },
          "dependencies": {
            "bn.js": {
              "version": "4.12.0",
              "bundled": true
            }
          }
        },
        "minimalistic-assert": {
          "version": "1.0.1",
          "bundled": true
        },
        "minimalistic-crypto-utils": {
          "version": "1.0.1",
          "bundled": true
        },
        "object-assign": {
          "version": "4.1.1",
          "bundled": true
        },
        "os-browserify": {
          "version": "0.3.0",
          "bundled": true
        },
        "pako": {
          "version": "1.0.11",
          "bundled": true
        },
        "parse-asn1": {
          "version": "5.1.6",
          "bundled": true,
          "requires": {
            "asn1.js": "^5.2.0",
            "browserify-aes": "^1.0.0",
            "evp_bytestokey": "^1.0.0",
            "pbkdf2": "^3.0.3",
            "safe-buffer": "^5.1.1"
          }
        },
        "path-browserify": {
          "version": "1.0.1",
          "bundled": true
        },
        "pbkdf2": {
          "version": "3.1.1",
          "bundled": true,
          "requires": {
            "create-hash": "^1.1.2",
            "create-hmac": "^1.1.4",
            "ripemd160": "^2.0.1",
            "safe-buffer": "^5.0.1",
            "sha.js": "^2.4.8"
          }
        },
        "process": {
          "version": "0.11.10",
          "bundled": true
        },
        "process-nextick-args": {
          "version": "2.0.1",
          "bundled": true
        },
        "public-encrypt": {
          "version": "4.0.3",
          "bundled": true,
          "requires": {
            "bn.js": "^4.1.0",
            "browserify-rsa": "^4.0.0",
            "create-hash": "^1.1.0",
            "parse-asn1": "^5.0.0",
            "randombytes": "^2.0.1",
            "safe-buffer": "^5.1.2"
          },
          "dependencies": {
            "bn.js": {
              "version": "4.12.0",
              "bundled": true
            }
          }
        },
        "punycode": {
          "version": "2.1.1",
          "bundled": true
        },
        "querystring": {
          "version": "0.2.0",
          "bundled": true
        },
        "querystring-es3": {
          "version": "0.2.1",
          "bundled": true
        },
        "randombytes": {
          "version": "2.1.0",
          "bundled": true,
          "requires": {
            "safe-buffer": "^5.1.0"
          }
        },
        "randomfill": {
          "version": "1.0.4",
          "bundled": true,
          "requires": {
            "randombytes": "^2.0.5",
            "safe-buffer": "^5.1.0"
          }
        },
        "readable-stream": {
          "version": "3.6.0",
          "bundled": true,
          "requires": {
            "inherits": "^2.0.3",
            "string_decoder": "^1.1.1",
            "util-deprecate": "^1.0.1"
          },
          "dependencies": {
            "inherits": {
              "version": "2.0.4",
              "bundled": true
            }
          }
        },
        "ripemd160": {
          "version": "2.0.2",
          "bundled": true,
          "requires": {
            "hash-base": "^3.0.0",
            "inherits": "^2.0.1"
          }
        },
        "safe-buffer": {
          "version": "5.2.1",
          "bundled": true
        },
        "safer-buffer": {
          "version": "2.1.2",
          "bundled": true
        },
        "setimmediate": {
          "version": "1.0.5",
          "bundled": true
        },
        "sha.js": {
          "version": "2.4.11",
          "bundled": true,
          "requires": {
            "inherits": "^2.0.1",
            "safe-buffer": "^5.0.1"
          }
        },
        "stream-browserify": {
          "version": "2.0.2",
          "bundled": true,
          "requires": {
            "inherits": "~2.0.1",
            "readable-stream": "^2.0.2"
          },
          "dependencies": {
            "readable-stream": {
              "version": "2.3.7",
              "bundled": true,
              "requires": {
                "core-util-is": "~1.0.0",
                "inherits": "~2.0.3",
                "isarray": "~1.0.0",
                "process-nextick-args": "~2.0.0",
                "safe-buffer": "~5.1.1",
                "string_decoder": "~1.1.1",
                "util-deprecate": "~1.0.1"
              },
              "dependencies": {
                "inherits": {
                  "version": "2.0.4",
                  "bundled": true
                }
              }
            },
            "safe-buffer": {
              "version": "5.1.2",
              "bundled": true
            },
            "string_decoder": {
              "version": "1.1.1",
              "bundled": true,
              "requires": {
                "safe-buffer": "~5.1.0"
              }
            }
          }
        },
        "stream-http": {
          "version": "3.1.1",
          "bundled": true,
          "requires": {
            "builtin-status-codes": "^3.0.0",
            "inherits": "^2.0.4",
            "readable-stream": "^3.6.0",
            "xtend": "^4.0.2"
          },
          "dependencies": {
            "inherits": {
              "version": "2.0.4",
              "bundled": true
            }
          }
        },
        "string_decoder": {
          "version": "1.3.0",
          "bundled": true,
          "requires": {
            "safe-buffer": "~5.2.0"
          }
        },
        "timers-browserify": {
          "version": "2.0.12",
          "bundled": true,
          "requires": {
            "setimmediate": "^1.0.4"
          }
        },
        "tty-browserify": {
          "version": "0.0.1",
          "bundled": true
        },
        "url": {
          "version": "0.11.0",
          "bundled": true,
          "requires": {
            "punycode": "1.3.2",
            "querystring": "0.2.0"
          },
          "dependencies": {
            "punycode": {
              "version": "1.3.2",
              "bundled": true
            }
          }
        },
        "util": {
          "version": "0.11.1",
          "bundled": true,
          "requires": {
            "inherits": "2.0.3"
          },
          "dependencies": {
            "inherits": {
              "version": "2.0.3",
              "bundled": true
            }
          }
        },
        "util-deprecate": {
          "version": "1.0.2",
          "bundled": true
        },
        "vm-browserify": {
          "version": "1.1.2",
          "bundled": true
        },
        "xtend": {
          "version": "4.0.2",
          "bundled": true
        }
      }
    },
    "object-assign": {
      "version": "4.1.1",
      "resolved": "https://registry.npmjs.org/object-assign/-/object-assign-4.1.1.tgz",
      "integrity": "sha1-IQmtx5ZYh8/AXLvUQsrIv7s2CGM="
    },
    "prop-types": {
      "version": "15.7.2",
      "resolved": "https://registry.npmjs.org/prop-types/-/prop-types-15.7.2.tgz",
      "integrity": "sha512-8QQikdH7//R2vurIJSutZ1smHYTcLpRWEOlHnzcWHmBYrOGUysKwSsrC89BCiFj3CbrfJ/nXFdJepOVrY1GCHQ==",
      "requires": {
        "loose-envify": "^1.4.0",
        "object-assign": "^4.1.1",
        "react-is": "^16.8.1"
      }
    },
    "prop-types-extra": {
      "version": "1.1.1",
      "resolved": "https://registry.npmjs.org/prop-types-extra/-/prop-types-extra-1.1.1.tgz",
      "integrity": "sha512-59+AHNnHYCdiC+vMwY52WmvP5dM3QLeoumYuEyceQDi9aEhtwN9zIQ2ZNo25sMyXnbh32h+P1ezDsUpUH3JAew==",
      "requires": {
        "react-is": "^16.3.2",
        "warning": "^4.0.0"
      }
    },
    "react": {
      "version": "16.14.0",
      "resolved": "https://registry.npmjs.org/react/-/react-16.14.0.tgz",
      "integrity": "sha512-0X2CImDkJGApiAlcf0ODKIneSwBPhqJawOa5wCtKbu7ZECrmS26NvtSILynQ66cgkT/RJ4LidJOc3bUESwmU8g==",
      "requires": {
        "loose-envify": "^1.1.0",
        "object-assign": "^4.1.1",
        "prop-types": "^15.6.2"
      }
    },
    "react-bootstrap": {
      "version": "1.5.2",
      "resolved": "https://registry.npmjs.org/react-bootstrap/-/react-bootstrap-1.5.2.tgz",
      "integrity": "sha512-mGKPY5+lLd7Vtkx2VFivoRkPT4xAHazuFfIhJLTEgHlDfIUSePn7qrmpZe5gXH9zvHV0RsBaQ9cLfXjxnZrOpA==",
      "requires": {
        "@babel/runtime": "^7.13.8",
        "@restart/context": "^2.1.4",
        "@restart/hooks": "^0.3.26",
        "@types/classnames": "^2.2.10",
        "@types/invariant": "^2.2.33",
        "@types/prop-types": "^15.7.3",
        "@types/react": ">=16.9.35",
        "@types/react-transition-group": "^4.4.1",
        "@types/warning": "^3.0.0",
        "classnames": "^2.2.6",
        "dom-helpers": "^5.1.2",
        "invariant": "^2.2.4",
        "prop-types": "^15.7.2",
        "prop-types-extra": "^1.1.0",
        "react-overlays": "^5.0.0",
        "react-transition-group": "^4.4.1",
        "uncontrollable": "^7.2.1",
        "warning": "^4.0.3"
      }
    },
    "react-dom": {
      "version": "16.14.0",
      "resolved": "https://registry.npmjs.org/react-dom/-/react-dom-16.14.0.tgz",
      "integrity": "sha512-1gCeQXDLoIqMgqD3IO2Ah9bnf0w9kzhwN5q4FGnHZ67hBm9yePzB5JJAIQCc8x3pFnNlwFq4RidZggNAAkzWWw==",
      "requires": {
        "loose-envify": "^1.1.0",
        "object-assign": "^4.1.1",
        "prop-types": "^15.6.2",
        "scheduler": "^0.19.1"
      }
    },
    "react-input-autosize": {
      "version": "3.0.0",
      "resolved": "https://registry.npmjs.org/react-input-autosize/-/react-input-autosize-3.0.0.tgz",
      "integrity": "sha512-nL9uS7jEs/zu8sqwFE5MAPx6pPkNAriACQ2rGLlqmKr2sPGtN7TXTyDdQt4lbNXVx7Uzadb40x8qotIuru6Rhg==",
      "requires": {
        "prop-types": "^15.5.8"
      }
    },
    "react-is": {
      "version": "16.13.1",
      "resolved": "https://registry.npmjs.org/react-is/-/react-is-16.13.1.tgz",
      "integrity": "sha512-24e6ynE2H+OKt4kqsOvNd8kBpV65zoxbA4BVsEOB3ARVWQki/DHzaUoC5KuON/BiccDaCCTZBuOcfZs70kR8bQ=="
    },
    "react-lifecycles-compat": {
      "version": "3.0.4",
      "resolved": "https://registry.npmjs.org/react-lifecycles-compat/-/react-lifecycles-compat-3.0.4.tgz",
      "integrity": "sha512-fBASbA6LnOU9dOU2eW7aQ8xmYBSXUIWr+UmF9b1efZBazGNO+rcXT/icdKnYm2pTwcRylVUYwW7H1PHfLekVzA=="
    },
    "react-overlays": {
      "version": "5.0.1",
      "resolved": "https://registry.npmjs.org/react-overlays/-/react-overlays-5.0.1.tgz",
      "integrity": "sha512-plwUJieTBbLSrgvQ4OkkbTD/deXgxiJdNuKzo6n1RWE3OVnQIU5hffCGS/nvIuu6LpXFs2majbzaXY8rcUVdWA==",
      "requires": {
        "@babel/runtime": "^7.13.8",
        "@popperjs/core": "^2.8.6",
        "@restart/hooks": "^0.3.26",
        "@types/warning": "^3.0.0",
        "dom-helpers": "^5.2.0",
        "prop-types": "^15.7.2",
        "uncontrollable": "^7.2.1",
        "warning": "^4.0.3"
      }
    },
    "react-select": {
      "version": "4.3.0",
      "resolved": "https://registry.npmjs.org/react-select/-/react-select-4.3.0.tgz",
      "integrity": "sha512-SBPD1a3TJqE9zoI/jfOLCAoLr/neluaeokjOixr3zZ1vHezkom8K0A9J4QG9IWDqIDE9K/Mv+0y1GjidC2PDtQ==",
      "requires": {
        "@babel/runtime": "^7.12.0",
        "@emotion/cache": "^11.0.0",
        "@emotion/react": "^11.1.1",
        "memoize-one": "^5.0.0",
        "prop-types": "^15.6.0",
        "react-input-autosize": "^3.0.0",
        "react-transition-group": "^4.3.0"
      }
    },
    "react-table": {
      "version": "7.7.0",
      "resolved": "https://registry.npmjs.org/react-table/-/react-table-7.7.0.tgz",
      "integrity": "sha512-jBlj70iBwOTvvImsU9t01LjFjy4sXEtclBovl3mTiqjz23Reu0DKnRza4zlLtOPACx6j2/7MrQIthIK1Wi+LIA=="
    },
    "react-transition-group": {
      "version": "4.4.1",
      "resolved": "https://registry.npmjs.org/react-transition-group/-/react-transition-group-4.4.1.tgz",
      "integrity": "sha512-Djqr7OQ2aPUiYurhPalTrVy9ddmFCCzwhqQmtN+J3+3DzLO209Fdr70QrN8Z3DsglWql6iY1lDWAfpFiBtuKGw==",
      "requires": {
        "@babel/runtime": "^7.5.5",
        "dom-helpers": "^5.0.1",
        "loose-envify": "^1.4.0",
        "prop-types": "^15.6.2"
      }
    },
    "regenerator-runtime": {
      "version": "0.13.7",
      "resolved": "https://registry.npmjs.org/regenerator-runtime/-/regenerator-runtime-0.13.7.tgz",
      "integrity": "sha512-a54FxoJDIr27pgf7IgeQGxmqUNYrcV338lf/6gH456HZ/PhX+5BcwHXG9ajESmwe6WRO0tAzRUrRmNONWgkrew=="
    },
    "scheduler": {
      "version": "0.19.1",
      "resolved": "https://registry.npmjs.org/scheduler/-/scheduler-0.19.1.tgz",
      "integrity": "sha512-n/zwRWRYSUj0/3g/otKDRPMh6qv2SYMWNq85IEa8iZyAv8od9zDYpGSnpBEjNgcMNq6Scbu5KfIPxNF72R/2EA==",
      "requires": {
        "loose-envify": "^1.1.0",
        "object-assign": "^4.1.1"
      }
    },
    "stylis": {
      "version": "4.0.10",
      "resolved": "https://registry.npmjs.org/stylis/-/stylis-4.0.10.tgz",
      "integrity": "sha512-m3k+dk7QeJw660eIKRRn3xPF6uuvHs/FFzjX3HQ5ove0qYsiygoAhwn5a3IYKaZPo5LrYD0rfVmtv1gNY1uYwg=="
    },
    "uncontrollable": {
      "version": "7.2.1",
      "resolved": "https://registry.npmjs.org/uncontrollable/-/uncontrollable-7.2.1.tgz",
      "integrity": "sha512-svtcfoTADIB0nT9nltgjujTi7BzVmwjZClOmskKu/E8FW9BXzg9os8OLr4f8Dlnk0rYWJIWr4wv9eKUXiQvQwQ==",
      "requires": {
        "@babel/runtime": "^7.6.3",
        "@types/react": ">=16.9.11",
        "invariant": "^2.2.4",
        "react-lifecycles-compat": "^3.0.4"
      }
    },
    "warning": {
      "version": "4.0.3",
      "resolved": "https://registry.npmjs.org/warning/-/warning-4.0.3.tgz",
      "integrity": "sha512-rpJyN222KWIvHJ/F53XSZv0Zl/accqHR8et1kpaMTD/fLCRxtV8iX8czMzY7sVZupTI3zcUTg8eycS2kNF9l6w==",
      "requires": {
        "loose-envify": "^1.0.0"
      }
    }
  }
}
